{
    "_readme": [
        "This file locks the dependencies of your project to a known state",
        "Read more about it at https://getcomposer.org/doc/01-basic-usage.md#installing-dependencies",
        "This file is @generated automatically"
    ],
    "content-hash": "f7bf2e8532903d83566558c6c2306284",
    "packages": [
        {
            "name": "printful/php-api-sdk",
            "version": "v2.2.11",
            "source": {
                "type": "git",
                "url": "https://github.com/printful/php-api-sdk.git",
                "reference": "117fff7ef6efec7ec1330b50004be70d759bb924"
            },
            "dist": {
                "type": "zip",
                "url": "https://api.github.com/repos/printful/php-api-sdk/zipball/117fff7ef6efec7ec1330b50004be70d759bb924",
                "reference": "117fff7ef6efec7ec1330b50004be70d759bb924",
                "shasum": ""
            },
            "require": {
                "ext-curl": "*",
                "ext-json": "*",
                "php": ">=5.5.0"
            },
            "require-dev": {
                "phpunit/phpunit": "^5.7"
            },
            "type": "library",
            "autoload": {
                "psr-4": {
                    "Printful\\": "src/"
                }
            },
            "notification-url": "https://packagist.org/downloads/",
            "authors": [
                {
                    "name": "Printful",
                    "email": "dev@theprintful.com"
                }
            ],
            "description": "Printful API wrapper",
            "support": {
                "issues": "https://github.com/printful/php-api-sdk/issues",
                "source": "https://github.com/printful/php-api-sdk/tree/v2.2.11"
            },
            "time": "2022-06-29T10:20:02+00:00"
        },
        {
            "name": "rappasoft/laravel-helpers",
            "version": "v2.0.0",
            "source": {
                "type": "git",
                "url": "https://github.com/rappasoft/laravel-helpers.git",
                "reference": "39fc647c27db358c535919cda2040e89b51344af"
            },
            "dist": {
                "type": "zip",
                "url": "https://api.github.com/repos/rappasoft/laravel-helpers/zipball/39fc647c27db358c535919cda2040e89b51344af",
                "reference": "39fc647c27db358c535919cda2040e89b51344af",
                "shasum": ""
            },
            "require": {
                "php": "^7.3|^8.0"
            },
            "type": "library",
            "autoload": {
                "files": [
                    "src/arrays.php",
                    "src/classes.php",
                    "src/helpers.php",
                    "src/strings.php"
                ]
            },
            "notification-url": "https://packagist.org/downloads/",
            "license": [
                "MIT"
            ],
            "authors": [
                {
                    "name": "Anthony Rappa",
                    "email": "rappa819@gmail.com"
                }
            ],
            "description": "Laravel Helpers for Non-Laravel Projects",
            "keywords": [
                "String helpers",
                "array helpers",
                "helpers",
                "laravel"
            ],
            "support": {
                "issues": "https://github.com/rappasoft/laravel-helpers/issues",
                "source": "https://github.com/rappasoft/laravel-helpers/tree/v2.0.0"
            },
            "time": "2021-10-01T18:00:53+00:00"
        }
    ],
    "packages-dev": [],
    "aliases": [],
    "minimum-stability": "stable",
    "stability-flags": [],
    "prefer-stable": false,
    "prefer-lowest": false,
    "platform": {
        "php": "^7.2"
    },
    "platform-dev": [],
    "plugin-api-version": "2.3.0"
}
